// !$*UTF8*$!
{
	archiveVersion = 1;
	classes = {
	};
	objectVersion = 50;
	objects = {

/* Begin PBXBuildFile section */
		9A8CAEE526EF757400D00853 /* AppDelegate.swift in Sources */ = {isa = PBXBuildFile; fileRef = 9A8CAEE426EF757400D00853 /* AppDelegate.swift */; };
		9A8CAEE726EF757400D00853 /* SceneDelegate.swift in Sources */ = {isa = PBXBuildFile; fileRef = 9A8CAEE626EF757400D00853 /* SceneDelegate.swift */; };
		9A8CAEE926EF757400D00853 /* ViewController.swift in Sources */ = {isa = PBXBuildFile; fileRef = 9A8CAEE826EF757400D00853 /* ViewController.swift */; };
		9A8CAEEC26EF757400D00853 /* Main.storyboard in Resources */ = {isa = PBXBuildFile; fileRef = 9A8CAEEA26EF757400D00853 /* Main.storyboard */; };
		9A8CAEEE26EF757400D00853 /* Assets.xcassets in Resources */ = {isa = PBXBuildFile; fileRef = 9A8CAEED26EF757400D00853 /* Assets.xcassets */; };
		9A8CAEF126EF757400D00853 /* LaunchScreen.storyboard in Resources */ = {isa = PBXBuildFile; fileRef = 9A8CAEEF26EF757400D00853 /* LaunchScreen.storyboard */; };
		9A8CAEFC26EF757500D00853 /* KitmanAppTests.swift in Sources */ = {isa = PBXBuildFile; fileRef = 9A8CAEFB26EF757500D00853 /* KitmanAppTests.swift */; };
		9A8CAF0726EF757500D00853 /* KitmanAppUITests.swift in Sources */ = {isa = PBXBuildFile; fileRef = 9A8CAF0626EF757500D00853 /* KitmanAppUITests.swift */; };
/* End PBXBuildFile section */

/* Begin PBXContainerItemProxy section */
		9A8CAEF826EF757500D00853 /* PBXContainerItemProxy */ = {
			isa = PBXContainerItemProxy;
			containerPortal = 9A8CAED926EF757400D00853 /* Project object */;
			proxyType = 1;
			remoteGlobalIDString = 9A8CAEE026EF757400D00853;
			remoteInfo = KitmanApp;
		};
		9A8CAF0326EF757500D00853 /* PBXContainerItemProxy */ = {
			isa = PBXContainerItemProxy;
			containerPortal = 9A8CAED926EF757400D00853 /* Project object */;
			proxyType = 1;
			remoteGlobalIDString = 9A8CAEE026EF757400D00853;
			remoteInfo = KitmanApp;
		};
/* End PBXContainerItemProxy section */

/* Begin PBXFileReference section */
		9A8CAEE126EF757400D00853 /* KitmanApp.app */ = {isa = PBXFileReference; explicitFileType = wrapper.application; includeInIndex = 0; path = KitmanApp.app; sourceTree = BUILT_PRODUCTS_DIR; };
		9A8CAEE426EF757400D00853 /* AppDelegate.swift */ = {isa = PBXFileReference; lastKnownFileType = sourcecode.swift; path = AppDelegate.swift; sourceTree = "<group>"; };
		9A8CAEE626EF757400D00853 /* SceneDelegate.swift */ = {isa = PBXFileReference; lastKnownFileType = sourcecode.swift; path = SceneDelegate.swift; sourceTree = "<group>"; };
		9A8CAEE826EF757400D00853 /* ViewController.swift */ = {isa = PBXFileReference; lastKnownFileType = sourcecode.swift; path = ViewController.swift; sourceTree = "<group>"; };
		9A8CAEEB26EF757400D00853 /* Base */ = {isa = PBXFileReference; lastKnownFileType = file.storyboard; name = Base; path = Base.lproj/Main.storyboard; sourceTree = "<group>"; };
		9A8CAEED26EF757400D00853 /* Assets.xcassets */ = {isa = PBXFileReference; lastKnownFileType = folder.assetcatalog; path = Assets.xcassets; sourceTree = "<group>"; };
		9A8CAEF026EF757400D00853 /* Base */ = {isa = PBXFileReference; lastKnownFileType = file.storyboard; name = Base; path = Base.lproj/LaunchScreen.storyboard; sourceTree = "<group>"; };
		9A8CAEF226EF757400D00853 /* Info.plist */ = {isa = PBXFileReference; lastKnownFileType = text.plist.xml; path = Info.plist; sourceTree = "<group>"; };
		9A8CAEF726EF757500D00853 /* KitmanAppTests.xctest */ = {isa = PBXFileReference; explicitFileType = wrapper.cfbundle; includeInIndex = 0; path = KitmanAppTests.xctest; sourceTree = BUILT_PRODUCTS_DIR; };
		9A8CAEFB26EF757500D00853 /* KitmanAppTests.swift */ = {isa = PBXFileReference; lastKnownFileType = sourcecode.swift; path = KitmanAppTests.swift; sourceTree = "<group>"; };
		9A8CAEFD26EF757500D00853 /* Info.plist */ = {isa = PBXFileReference; lastKnownFileType = text.plist.xml; path = Info.plist; sourceTree = "<group>"; };
		9A8CAF0226EF757500D00853 /* KitmanAppUITests.xctest */ = {isa = PBXFileReference; explicitFileType = wrapper.cfbundle; includeInIndex = 0; path = KitmanAppUITests.xctest; sourceTree = BUILT_PRODUCTS_DIR; };
		9A8CAF0626EF757500D00853 /* KitmanAppUITests.swift */ = {isa = PBXFileReference; lastKnownFileType = sourcecode.swift; path = KitmanAppUITests.swift; sourceTree = "<group>"; };
		9A8CAF0826EF757500D00853 /* Info.plist */ = {isa = PBXFileReference; lastKnownFileType = text.plist.xml; path = Info.plist; sourceTree = "<group>"; };
/* End PBXFileReference section */

/* Begin PBXFrameworksBuildPhase section */
		9A8CAEDE26EF757400D00853 /* Frameworks */ = {
			isa = PBXFrameworksBuildPhase;
			buildActionMask = 2147483647;
			files = (
			);
			runOnlyForDeploymentPostprocessing = 0;
		};
		9A8CAEF426EF757500D00853 /* Frameworks */ = {
			isa = PBXFrameworksBuildPhase;
			buildActionMask = 2147483647;
			files = (
			);
			runOnlyForDeploymentPostprocessing = 0;
		};
		9A8CAEFF26EF757500D00853 /* Frameworks */ = {
			isa = PBXFrameworksBuildPhase;
			buildActionMask = 2147483647;
			files = (
			);
			runOnlyForDeploymentPostprocessing = 0;
		};
/* End PBXFrameworksBuildPhase section */

/* Begin PBXGroup section */
		9A8CAED826EF757400D00853 = {
			isa = PBXGroup;
			children = (
				9A8CAEE326EF757400D00853 /* KitmanApp */,
				9A8CAEFA26EF757500D00853 /* KitmanAppTests */,
				9A8CAF0526EF757500D00853 /* KitmanAppUITests */,
				9A8CAEE226EF757400D00853 /* Products */,
			);
			sourceTree = "<group>";
		};
		9A8CAEE226EF757400D00853 /* Products */ = {
			isa = PBXGroup;
			children = (
				9A8CAEE126EF757400D00853 /* KitmanApp.app */,
				9A8CAEF726EF757500D00853 /* KitmanAppTests.xctest */,
				9A8CAF0226EF757500D00853 /* KitmanAppUITests.xctest */,
			);
			name = Products;
			sourceTree = "<group>";
		};
		9A8CAEE326EF757400D00853 /* KitmanApp */ = {
			isa = PBXGroup;
			children = (
				9A8CAEE426EF757400D00853 /* AppDelegate.swift */,
				9A8CAEE626EF757400D00853 /* SceneDelegate.swift */,
				9A8CAEE826EF757400D00853 /* ViewController.swift */,
				9A8CAEEA26EF757400D00853 /* Main.storyboard */,
				9A8CAEED26EF757400D00853 /* Assets.xcassets */,
				9A8CAEEF26EF757400D00853 /* LaunchScreen.storyboard */,
				9A8CAEF226EF757400D00853 /* Info.plist */,
			);
			path = KitmanApp;
			sourceTree = "<group>";
		};
		9A8CAEFA26EF757500D00853 /* KitmanAppTests */ = {
			isa = PBXGroup;
			children = (
				9A8CAEFB26EF757500D00853 /* KitmanAppTests.swift */,
				9A8CAEFD26EF757500D00853 /* Info.plist */,
			);
			path = KitmanAppTests;
			sourceTree = "<group>";
		};
		9A8CAF0526EF757500D00853 /* KitmanAppUITests */ = {
			isa = PBXGroup;
			children = (
				9A8CAF0626EF757500D00853 /* KitmanAppUITests.swift */,
				9A8CAF0826EF757500D00853 /* Info.plist */,
			);
			path = KitmanAppUITests;
			sourceTree = "<group>";
		};
/* End PBXGroup section */

/* Begin PBXNativeTarget section */
		9A8CAEE026EF757400D00853 /* KitmanApp */ = {
			isa = PBXNativeTarget;
			buildConfigurationList = 9A8CAF0B26EF757500D00853 /* Build configuration list for PBXNativeTarget "KitmanApp" */;
			buildPhases = (
				9A8CAEDD26EF757400D00853 /* Sources */,
				9A8CAEDE26EF757400D00853 /* Frameworks */,
				9A8CAEDF26EF757400D00853 /* Resources */,
			);
			buildRules = (
			);
			dependencies = (
			);
			name = KitmanApp;
			productName = KitmanApp;
			productReference = 9A8CAEE126EF757400D00853 /* KitmanApp.app */;
			productType = "com.apple.product-type.application";
		};
		9A8CAEF626EF757500D00853 /* KitmanAppTests */ = {
			isa = PBXNativeTarget;
			buildConfigurationList = 9A8CAF0E26EF757500D00853 /* Build configuration list for PBXNativeTarget "KitmanAppTests" */;
			buildPhases = (
				9A8CAEF326EF757500D00853 /* Sources */,
				9A8CAEF426EF757500D00853 /* Frameworks */,
				9A8CAEF526EF757500D00853 /* Resources */,
			);
			buildRules = (
			);
			dependencies = (
				9A8CAEF926EF757500D00853 /* PBXTargetDependency */,
			);
			name = KitmanAppTests;
			productName = KitmanAppTests;
			productReference = 9A8CAEF726EF757500D00853 /* KitmanAppTests.xctest */;
			productType = "com.apple.product-type.bundle.unit-test";
		};
		9A8CAF0126EF757500D00853 /* KitmanAppUITests */ = {
			isa = PBXNativeTarget;
			buildConfigurationList = 9A8CAF1126EF757500D00853 /* Build configuration list for PBXNativeTarget "KitmanAppUITests" */;
			buildPhases = (
				9A8CAEFE26EF757500D00853 /* Sources */,
				9A8CAEFF26EF757500D00853 /* Frameworks */,
				9A8CAF0026EF757500D00853 /* Resources */,
			);
			buildRules = (
			);
			dependencies = (
				9A8CAF0426EF757500D00853 /* PBXTargetDependency */,
			);
			name = KitmanAppUITests;
			productName = KitmanAppUITests;
			productReference = 9A8CAF0226EF757500D00853 /* KitmanAppUITests.xctest */;
			productType = "com.apple.product-type.bundle.ui-testing";
		};
/* End PBXNativeTarget section */

/* Begin PBXProject section */
		9A8CAED926EF757400D00853 /* Project object */ = {
			isa = PBXProject;
			attributes = {
				LastSwiftUpdateCheck = 1250;
				LastUpgradeCheck = 1250;
				TargetAttributes = {
					9A8CAEE026EF757400D00853 = {
						CreatedOnToolsVersion = 12.5;
					};
					9A8CAEF626EF757500D00853 = {
						CreatedOnToolsVersion = 12.5;
						TestTargetID = 9A8CAEE026EF757400D00853;
					};
					9A8CAF0126EF757500D00853 = {
						CreatedOnToolsVersion = 12.5;
						TestTargetID = 9A8CAEE026EF757400D00853;
					};
				};
			};
			buildConfigurationList = 9A8CAEDC26EF757400D00853 /* Build configuration list for PBXProject "KitmanApp" */;
			compatibilityVersion = "Xcode 9.3";
			developmentRegion = en;
			hasScannedForEncodings = 0;
			knownRegions = (
				en,
				Base,
			);
			mainGroup = 9A8CAED826EF757400D00853;
			productRefGroup = 9A8CAEE226EF757400D00853 /* Products */;
			projectDirPath = "";
			projectRoot = "";
			targets = (
				9A8CAEE026EF757400D00853 /* KitmanApp */,
				9A8CAEF626EF757500D00853 /* KitmanAppTests */,
				9A8CAF0126EF757500D00853 /* KitmanAppUITests */,
			);
		};
/* End PBXProject section */

/* Begin PBXResourcesBuildPhase section */
		9A8CAEDF26EF757400D00853 /* Resources */ = {
			isa = PBXResourcesBuildPhase;
			buildActionMask = 2147483647;
			files = (
				9A8CAEF126EF757400D00853 /* LaunchScreen.storyboard in Resources */,
				9A8CAEEE26EF757400D00853 /* Assets.xcassets in Resources */,
				9A8CAEEC26EF757400D00853 /* Main.storyboard in Resources */,
			);
			runOnlyForDeploymentPostprocessing = 0;
		};
		9A8CAEF526EF757500D00853 /* Resources */ = {
			isa = PBXResourcesBuildPhase;
			buildActionMask = 2147483647;
			files = (
			);
			runOnlyForDeploymentPostprocessing = 0;
		};
		9A8CAF0026EF757500D00853 /* Resources */ = {
			isa = PBXResourcesBuildPhase;
			buildActionMask = 2147483647;
			files = (
			);
			runOnlyForDeploymentPostprocessing = 0;
		};
/* End PBXResourcesBuildPhase section */

/* Begin PBXSourcesBuildPhase section */
		9A8CAEDD26EF757400D00853 /* Sources */ = {
			isa = PBXSourcesBuildPhase;
			buildActionMask = 2147483647;
			files = (
				9A8CAEE926EF757400D00853 /* ViewController.swift in Sources */,
				9A8CAEE526EF757400D00853 /* AppDelegate.swift in Sources */,
				9A8CAEE726EF757400D00853 /* SceneDelegate.swift in Sources */,
			);
			runOnlyForDeploymentPostprocessing = 0;
		};
		9A8CAEF326EF757500D00853 /* Sources */ = {
			isa = PBXSourcesBuildPhase;
			buildActionMask = 2147483647;
			files = (
				9A8CAEFC26EF757500D00853 /* KitmanAppTests.swift in Sources */,
			);
			runOnlyForDeploymentPostprocessing = 0;
		};
		9A8CAEFE26EF757500D00853 /* Sources */ = {
			isa = PBXSourcesBuildPhase;
			buildActionMask = 2147483647;
			files = (
				9A8CAF0726EF757500D00853 /* KitmanAppUITests.swift in Sources */,
			);
			runOnlyForDeploymentPostprocessing = 0;
		};
/* End PBXSourcesBuildPhase section */

/* Begin PBXTargetDependency section */
		9A8CAEF926EF757500D00853 /* PBXTargetDependency */ = {
			isa = PBXTargetDependency;
			target = 9A8CAEE026EF757400D00853 /* KitmanApp */;
			targetProxy = 9A8CAEF826EF757500D00853 /* PBXContainerItemProxy */;
		};
		9A8CAF0426EF757500D00853 /* PBXTargetDependency */ = {
			isa = PBXTargetDependency;
			target = 9A8CAEE026EF757400D00853 /* KitmanApp */;
			targetProxy = 9A8CAF0326EF757500D00853 /* PBXContainerItemProxy */;
		};
/* End PBXTargetDependency section */

/* Begin PBXVariantGroup section */
		9A8CAEEA26EF757400D00853 /* Main.storyboard */ = {
			isa = PBXVariantGroup;
			children = (
				9A8CAEEB26EF757400D00853 /* Base */,
			);
			name = Main.storyboard;
			sourceTree = "<group>";
		};
		9A8CAEEF26EF757400D00853 /* LaunchScreen.storyboard */ = {
			isa = PBXVariantGroup;
			children = (
				9A8CAEF026EF757400D00853 /* Base */,
			);
			name = LaunchScreen.storyboard;
			sourceTree = "<group>";
		};
/* End PBXVariantGroup section */

/* Begin XCBuildConfiguration section */
		9A8CAF0926EF757500D00853 /* Debug */ = {
			isa = XCBuildConfiguration;
			buildSettings = {
				ALWAYS_SEARCH_USER_PATHS = NO;
				CLANG_ANALYZER_NONNULL = YES;
				CLANG_ANALYZER_NUMBER_OBJECT_CONVERSION = YES_AGGRESSIVE;
				CLANG_CXX_LANGUAGE_STANDARD = "gnu++14";
				CLANG_CXX_LIBRARY = "libc++";
				CLANG_ENABLE_MODULES = YES;
				CLANG_ENABLE_OBJC_ARC = YES;
				CLANG_ENABLE_OBJC_WEAK = YES;
				CLANG_WARN_BLOCK_CAPTURE_AUTORELEASING = YES;
				CLANG_WARN_BOOL_CONVERSION = YES;
				CLANG_WARN_COMMA = YES;
				CLANG_WARN_CONSTANT_CONVERSION = YES;
				CLANG_WARN_DEPRECATED_OBJC_IMPLEMENTATIONS = YES;
				CLANG_WARN_DIRECT_OBJC_ISA_USAGE = YES_ERROR;
				CLANG_WARN_DOCUMENTATION_COMMENTS = YES;
				CLANG_WARN_EMPTY_BODY = YES;
				CLANG_WARN_ENUM_CONVERSION = YES;
				CLANG_WARN_INFINITE_RECURSION = YES;
				CLANG_WARN_INT_CONVERSION = YES;
				CLANG_WARN_NON_LITERAL_NULL_CONVERSION = YES;
				CLANG_WARN_OBJC_IMPLICIT_RETAIN_SELF = YES;
				CLANG_WARN_OBJC_LITERAL_CONVERSION = YES;
				CLANG_WARN_OBJC_ROOT_CLASS = YES_ERROR;
				CLANG_WARN_QUOTED_INCLUDE_IN_FRAMEWORK_HEADER = YES;
				CLANG_WARN_RANGE_LOOP_ANALYSIS = YES;
				CLANG_WARN_STRICT_PROTOTYPES = YES;
				CLANG_WARN_SUSPICIOUS_MOVE = YES;
				CLANG_WARN_UNGUARDED_AVAILABILITY = YES_AGGRESSIVE;
				CLANG_WARN_UNREACHABLE_CODE = YES;
				CLANG_WARN__DUPLICATE_METHOD_MATCH = YES;
				COPY_PHASE_STRIP = NO;
				DEBUG_INFORMATION_FORMAT = dwarf;
				ENABLE_STRICT_OBJC_MSGSEND = YES;
				ENABLE_TESTABILITY = YES;
				GCC_C_LANGUAGE_STANDARD = gnu11;
				GCC_DYNAMIC_NO_PIC = NO;
				GCC_NO_COMMON_BLOCKS = YES;
				GCC_OPTIMIZATION_LEVEL = 0;
				GCC_PREPROCESSOR_DEFINITIONS = (
					"DEBUG=1",
					"$(inherited)",
				);
				GCC_WARN_64_TO_32_BIT_CONVERSION = YES;
				GCC_WARN_ABOUT_RETURN_TYPE = YES_ERROR;
				GCC_WARN_UNDECLARED_SELECTOR = YES;
				GCC_WARN_UNINITIALIZED_AUTOS = YES_AGGRESSIVE;
				GCC_WARN_UNUSED_FUNCTION = YES;
				GCC_WARN_UNUSED_VARIABLE = YES;
				IPHONEOS_DEPLOYMENT_TARGET = 14.5;
				MTL_ENABLE_DEBUG_INFO = INCLUDE_SOURCE;
				MTL_FAST_MATH = YES;
				ONLY_ACTIVE_ARCH = YES;
				SDKROOT = iphoneos;
				SWIFT_ACTIVE_COMPILATION_CONDITIONS = DEBUG;
				SWIFT_OPTIMIZATION_LEVEL = "-Onone";
			};
			name = Debug;
		};
		9A8CAF0A26EF757500D00853 /* Release */ = {
			isa = XCBuildConfiguration;
			buildSettings = {
				ALWAYS_SEARCH_USER_PATHS = NO;
				CLANG_ANALYZER_NONNULL = YES;
				CLANG_ANALYZER_NUMBER_OBJECT_CONVERSION = YES_AGGRESSIVE;
				CLANG_CXX_LANGUAGE_STANDARD = "gnu++14";
				CLANG_CXX_LIBRARY = "libc++";
				CLANG_ENABLE_MODULES = YES;
				CLANG_ENABLE_OBJC_ARC = YES;
				CLANG_ENABLE_OBJC_WEAK = YES;
				CLANG_WARN_BLOCK_CAPTURE_AUTORELEASING = YES;
				CLANG_WARN_BOOL_CONVERSION = YES;
				CLANG_WARN_COMMA = YES;
				CLANG_WARN_CONSTANT_CONVERSION = YES;
				CLANG_WARN_DEPRECATED_OBJC_IMPLEMENTATIONS = YES;
				CLANG_WARN_DIRECT_OBJC_ISA_USAGE = YES_ERROR;
				CLANG_WARN_DOCUMENTATION_COMMENTS = YES;
				CLANG_WARN_EMPTY_BODY = YES;
				CLANG_WARN_ENUM_CONVERSION = YES;
				CLANG_WARN_INFINITE_RECURSION = YES;
				CLANG_WARN_INT_CONVERSION = YES;
				CLANG_WARN_NON_LITERAL_NULL_CONVERSION = YES;
				CLANG_WARN_OBJC_IMPLICIT_RETAIN_SELF = YES;
				CLANG_WARN_OBJC_LITERAL_CONVERSION = YES;
				CLANG_WARN_OBJC_ROOT_CLASS = YES_ERROR;
				CLANG_WARN_QUOTED_INCLUDE_IN_FRAMEWORK_HEADER = YES;
				CLANG_WARN_RANGE_LOOP_ANALYSIS = YES;
				CLANG_WARN_STRICT_PROTOTYPES = YES;
				CLANG_WARN_SUSPICIOUS_MOVE = YES;
				CLANG_WARN_UNGUARDED_AVAILABILITY = YES_AGGRESSIVE;
				CLANG_WARN_UNREACHABLE_CODE = YES;
				CLANG_WARN__DUPLICATE_METHOD_MATCH = YES;
				COPY_PHASE_STRIP = NO;
				DEBUG_INFORMATION_FORMAT = "dwarf-with-dsym";
				ENABLE_NS_ASSERTIONS = NO;
				ENABLE_STRICT_OBJC_MSGSEND = YES;
				GCC_C_LANGUAGE_STANDARD = gnu11;
				GCC_NO_COMMON_BLOCKS = YES;
				GCC_WARN_64_TO_32_BIT_CONVERSION = YES;
				GCC_WARN_ABOUT_RETURN_TYPE = YES_ERROR;
				GCC_WARN_UNDECLARED_SELECTOR = YES;
				GCC_WARN_UNINITIALIZED_AUTOS = YES_AGGRESSIVE;
				GCC_WARN_UNUSED_FUNCTION = YES;
				GCC_WARN_UNUSED_VARIABLE = YES;
				IPHONEOS_DEPLOYMENT_TARGET = 14.5;
				MTL_ENABLE_DEBUG_INFO = NO;
				MTL_FAST_MATH = YES;
				SDKROOT = iphoneos;
				SWIFT_COMPILATION_MODE = wholemodule;
				SWIFT_OPTIMIZATION_LEVEL = "-O";
				VALIDATE_PRODUCT = YES;
			};
			name = Release;
		};
		9A8CAF0C26EF757500D00853 /* Debug */ = {
			isa = XCBuildConfiguration;
			buildSettings = {
				ASSETCATALOG_COMPILER_APPICON_NAME = AppIcon;
				ASSETCATALOG_COMPILER_GLOBAL_ACCENT_COLOR_NAME = AccentColor;
				CODE_SIGN_STYLE = Automatic;
				DEVELOPMENT_TEAM = 2K6N9E42FC;
				INFOPLIST_FILE = KitmanApp/Info.plist;
				LD_RUNPATH_SEARCH_PATHS = (
					"$(inherited)",
					"@executable_path/Frameworks",
				);
				PRODUCT_BUNDLE_IDENTIFIER = dantas.KitmanApp;
				PRODUCT_NAME = "$(TARGET_NAME)";
				SWIFT_VERSION = 5.0;
				TARGETED_DEVICE_FAMILY = "1,2";
			};
			name = Debug;
		};
		9A8CAF0D26EF757500D00853 /* Release */ = {
			isa = XCBuildConfiguration;
			buildSettings = {
				ASSETCATALOG_COMPILER_APPICON_NAME = AppIcon;
				ASSETCATALOG_COMPILER_GLOBAL_ACCENT_COLOR_NAME = AccentColor;
				CODE_SIGN_STYLE = Automatic;
				DEVELOPMENT_TEAM = 2K6N9E42FC;
				INFOPLIST_FILE = KitmanApp/Info.plist;
				LD_RUNPATH_SEARCH_PATHS = (
					"$(inherited)",
					"@executable_path/Frameworks",
				);
				PRODUCT_BUNDLE_IDENTIFIER = dantas.KitmanApp;
				PRODUCT_NAME = "$(TARGET_NAME)";
				SWIFT_VERSION = 5.0;
				TARGETED_DEVICE_FAMILY = "1,2";
			};
			name = Release;
		};
		9A8CAF0F26EF757500D00853 /* Debug */ = {
			isa = XCBuildConfiguration;
			buildSettings = {
				ALWAYS_EMBED_SWIFT_STANDARD_LIBRARIES = YES;
				BUNDLE_LOADER = "$(TEST_HOST)";
				CODE_SIGN_STYLE = Automatic;
				DEVELOPMENT_TEAM = 2K6N9E42FC;
				INFOPLIST_FILE = KitmanAppTests/Info.plist;
				IPHONEOS_DEPLOYMENT_TARGET = 14.5;
				LD_RUNPATH_SEARCH_PATHS = (
					"$(inherited)",
					"@executable_path/Frameworks",
					"@loader_path/Frameworks",
				);
				PRODUCT_BUNDLE_IDENTIFIER = dantas.KitmanAppTests;
				PRODUCT_NAME = "$(TARGET_NAME)";
				SWIFT_VERSION = 5.0;
				TARGETED_DEVICE_FAMILY = "1,2";
				TEST_HOST = "$(BUILT_PRODUCTS_DIR)/KitmanApp.app/KitmanApp";
			};
			name = Debug;
		};
		9A8CAF1026EF757500D00853 /* Release */ = {
			isa = XCBuildConfiguration;
			buildSettings = {
				ALWAYS_EMBED_SWIFT_STANDARD_LIBRARIES = YES;
				BUNDLE_LOADER = "$(TEST_HOST)";
				CODE_SIGN_STYLE = Automatic;
				DEVELOPMENT_TEAM = 2K6N9E42FC;
				INFOPLIST_FILE = KitmanAppTests/Info.plist;
				IPHONEOS_DEPLOYMENT_TARGET = 14.5;
				LD_RUNPATH_SEARCH_PATHS = (
					"$(inherited)",
					"@executable_path/Frameworks",
					"@loader_path/Frameworks",
				);
				PRODUCT_BUNDLE_IDENTIFIER = dantas.KitmanAppTests;
				PRODUCT_NAME = "$(TARGET_NAME)";
				SWIFT_VERSION = 5.0;
				TARGETED_DEVICE_FAMILY = "1,2";
				TEST_HOST = "$(BUILT_PRODUCTS_DIR)/KitmanApp.app/KitmanApp";
			};
			name = Release;
		};
		9A8CAF1226EF757500D00853 /* Debug */ = {
			isa = XCBuildConfiguration;
			buildSettings = {
				ALWAYS_EMBED_SWIFT_STANDARD_LIBRARIES = YES;
				CODE_SIGN_STYLE = Automatic;
				DEVELOPMENT_TEAM = 2K6N9E42FC;
				INFOPLIST_FILE = KitmanAppUITests/Info.plist;
				LD_RUNPATH_SEARCH_PATHS = (
					"$(inherited)",
					"@executable_path/Frameworks",
					"@loader_path/Frameworks",
				);
				PRODUCT_BUNDLE_IDENTIFIER = dantas.KitmanAppUITests;
				PRODUCT_NAME = "$(TARGET_NAME)";
				SWIFT_VERSION = 5.0;
				TARGETED_DEVICE_FAMILY = "1,2";
				TEST_TARGET_NAME = KitmanApp;
			};
			name = Debug;
		};
		9A8CAF1326EF757500D00853 /* Release */ = {
			isa = XCBuildConfiguration;
			buildSettings = {
				ALWAYS_EMBED_SWIFT_STANDARD_LIBRARIES = YES;
				CODE_SIGN_STYLE = Automatic;
				DEVELOPMENT_TEAM = 2K6N9E42FC;
				INFOPLIST_FILE = KitmanAppUITests/Info.plist;
				LD_RUNPATH_SEARCH_PATHS = (
					"$(inherited)",
					"@executable_path/Frameworks",
					"@loader_path/Frameworks",
				);
				PRODUCT_BUNDLE_IDENTIFIER = dantas.KitmanAppUITests;
				PRODUCT_NAME = "$(TARGET_NAME)";
				SWIFT_VERSION = 5.0;
				TARGETED_DEVICE_FAMILY = "1,2";
				TEST_TARGET_NAME = KitmanApp;
			};
			name = Release;
		};
/* End XCBuildConfiguration section */

/* Begin XCConfigurationList section */
		9A8CAEDC26EF757400D00853 /* Build configuration list for PBXProject "KitmanApp" */ = {
			isa = XCConfigurationList;
			buildConfigurations = (
				9A8CAF0926EF757500D00853 /* Debug */,
				9A8CAF0A26EF757500D00853 /* Release */,
			);
			defaultConfigurationIsVisible = 0;
			defaultConfigurationName = Release;
		};
		9A8CAF0B26EF757500D00853 /* Build configuration list for PBXNativeTarget "KitmanApp" */ = {
			isa = XCConfigurationList;
			buildConfigurations = (
				9A8CAF0C26EF757500D00853 /* Debug */,
				9A8CAF0D26EF757500D00853 /* Release */,
			);
			defaultConfigurationIsVisible = 0;
			defaultConfigurationName = Release;
		};
		9A8CAF0E26EF757500D00853 /* Build configuration list for PBXNativeTarget "KitmanAppTests" */ = {
			isa = XCConfigurationList;
			buildConfigurations = (
				9A8CAF0F26EF757500D00853 /* Debug */,
				9A8CAF1026EF757500D00853 /* Release */,
			);
			defaultConfigurationIsVisible = 0;
			defaultConfigurationName = Release;
		};
		9A8CAF1126EF757500D00853 /* Build configuration list for PBXNativeTarget "KitmanAppUITests" */ = {
			isa = XCConfigurationList;
			buildConfigurations = (
				9A8CAF1226EF757500D00853 /* Debug */,
				9A8CAF1326EF757500D00853 /* Release */,
			);
			defaultConfigurationIsVisible = 0;
			defaultConfigurationName = Release;
		};
/* End XCConfigurationList section */
	};
	rootObject = 9A8CAED926EF757400D00853 /* Project object */;
}
