// !$*UTF8*$!
{
	archiveVersion = 1;
	classes = {
	};
	objectVersion = 51;
	objects = {

/* Begin PBXBuildFile section */
		3F9B6EC1177C6204380F67C8 /* Pods_KitmanAppTests.framework in Frameworks */ = {isa = PBXBuildFile; fileRef = 7451AC28904C69C4102F0836 /* Pods_KitmanAppTests.framework */; };
		47B4032B10C13CBCF3C4FBFD /* Pods_KitmanApp.framework in Frameworks */ = {isa = PBXBuildFile; fileRef = B700530BAC20F0C20CF919FC /* Pods_KitmanApp.framework */; };
		712AF91E9455A1FE2ECCE45E /* Pods_KitmanApp_KitmanAppUITests.framework in Frameworks */ = {isa = PBXBuildFile; fileRef = 734C1B654A1181F9C79F40B3 /* Pods_KitmanApp_KitmanAppUITests.framework */; };
		9A46C72326EFACF000B07A36 /* Athlete.swift in Sources */ = {isa = PBXBuildFile; fileRef = 9A46C72226EFACF000B07A36 /* Athlete.swift */; };
		9A46C72526EFADD000B07A36 /* AthleteViewModel.swift in Sources */ = {isa = PBXBuildFile; fileRef = 9A46C72426EFADD000B07A36 /* AthleteViewModel.swift */; };
		9A46C72726EFB28900B07A36 /* AthleteCell.swift in Sources */ = {isa = PBXBuildFile; fileRef = 9A46C72626EFB28900B07A36 /* AthleteCell.swift */; };
		9A46C72B26EFCFE900B07A36 /* Squad.swift in Sources */ = {isa = PBXBuildFile; fileRef = 9A46C72A26EFCFE900B07A36 /* Squad.swift */; };
		9A8CAEE526EF757400D00853 /* AppDelegate.swift in Sources */ = {isa = PBXBuildFile; fileRef = 9A8CAEE426EF757400D00853 /* AppDelegate.swift */; };
		9A8CAEE726EF757400D00853 /* SceneDelegate.swift in Sources */ = {isa = PBXBuildFile; fileRef = 9A8CAEE626EF757400D00853 /* SceneDelegate.swift */; };
		9A8CAEEC26EF757400D00853 /* Main.storyboard in Resources */ = {isa = PBXBuildFile; fileRef = 9A8CAEEA26EF757400D00853 /* Main.storyboard */; };
		9A8CAEEE26EF757400D00853 /* Assets.xcassets in Resources */ = {isa = PBXBuildFile; fileRef = 9A8CAEED26EF757400D00853 /* Assets.xcassets */; };
		9A8CAEF126EF757400D00853 /* LaunchScreen.storyboard in Resources */ = {isa = PBXBuildFile; fileRef = 9A8CAEEF26EF757400D00853 /* LaunchScreen.storyboard */; };
		9A8CAEFC26EF757500D00853 /* KitmanAppTests.swift in Sources */ = {isa = PBXBuildFile; fileRef = 9A8CAEFB26EF757500D00853 /* KitmanAppTests.swift */; };
		9A8CAF0726EF757500D00853 /* KitmanAppUITests.swift in Sources */ = {isa = PBXBuildFile; fileRef = 9A8CAF0626EF757500D00853 /* KitmanAppUITests.swift */; };
		9A8CAF1D26EF762200D00853 /* Welcome.storyboard in Resources */ = {isa = PBXBuildFile; fileRef = 9A8CAF1C26EF762200D00853 /* Welcome.storyboard */; };
		9A8CAF1F26EF763F00D00853 /* LoginViewController.swift in Sources */ = {isa = PBXBuildFile; fileRef = 9A8CAF1E26EF763F00D00853 /* LoginViewController.swift */; };
		9A8CAF2226EF775800D00853 /* KButton.swift in Sources */ = {isa = PBXBuildFile; fileRef = 9A8CAF2126EF775700D00853 /* KButton.swift */; };
		9A8CAF2426EF781B00D00853 /* KGradientView.swift in Sources */ = {isa = PBXBuildFile; fileRef = 9A8CAF2326EF781B00D00853 /* KGradientView.swift */; };
		9A8CAF2726EF785400D00853 /* UIColor+Extension.swift in Sources */ = {isa = PBXBuildFile; fileRef = 9A8CAF2626EF785400D00853 /* UIColor+Extension.swift */; };
		9A8CAF2926EF798A00D00853 /* KTextField.swift in Sources */ = {isa = PBXBuildFile; fileRef = 9A8CAF2826EF798A00D00853 /* KTextField.swift */; };
		9A8CAF2C26EF80C900D00853 /* LoginViewModel.swift in Sources */ = {isa = PBXBuildFile; fileRef = 9A8CAF2B26EF80C900D00853 /* LoginViewModel.swift */; };
		9A8CAF3026EF83BF00D00853 /* JsonParser.swift in Sources */ = {isa = PBXBuildFile; fileRef = 9A8CAF2F26EF83BF00D00853 /* JsonParser.swift */; };
		9A8CAF3226EF844300D00853 /* NetworkManager.swift in Sources */ = {isa = PBXBuildFile; fileRef = 9A8CAF3126EF844300D00853 /* NetworkManager.swift */; };
		9A8CAF3426EF84AD00D00853 /* API.swift in Sources */ = {isa = PBXBuildFile; fileRef = 9A8CAF3326EF84AD00D00853 /* API.swift */; };
		9A8CAF3626EF856D00D00853 /* Login.swift in Sources */ = {isa = PBXBuildFile; fileRef = 9A8CAF3526EF856D00D00853 /* Login.swift */; };
		9A8CAF3C26EF8B2400D00853 /* AthletesViewController.swift in Sources */ = {isa = PBXBuildFile; fileRef = 9A8CAF3B26EF8B2400D00853 /* AthletesViewController.swift */; };
		9A8CAF4026EF9EA600D00853 /* UIViewController+Extension.swift in Sources */ = {isa = PBXBuildFile; fileRef = 9A8CAF3F26EF9EA600D00853 /* UIViewController+Extension.swift */; };
		9AD7BE3426EFE75500D07A24 /* README in Resources */ = {isa = PBXBuildFile; fileRef = 9AD7BE3326EFE75500D07A24 /* README */; };
/* End PBXBuildFile section */

/* Begin PBXContainerItemProxy section */
		9A8CAEF826EF757500D00853 /* PBXContainerItemProxy */ = {
			isa = PBXContainerItemProxy;
			containerPortal = 9A8CAED926EF757400D00853 /* Project object */;
			proxyType = 1;
			remoteGlobalIDString = 9A8CAEE026EF757400D00853;
			remoteInfo = KitmanApp;
		};
		9A8CAF0326EF757500D00853 /* PBXContainerItemProxy */ = {
			isa = PBXContainerItemProxy;
			containerPortal = 9A8CAED926EF757400D00853 /* Project object */;
			proxyType = 1;
			remoteGlobalIDString = 9A8CAEE026EF757400D00853;
			remoteInfo = KitmanApp;
		};
/* End PBXContainerItemProxy section */

/* Begin PBXFileReference section */
		0A8358E1E3D192B5BE6651EF /* Pods-KitmanApp-KitmanAppUITests.debug.xcconfig */ = {isa = PBXFileReference; includeInIndex = 1; lastKnownFileType = text.xcconfig; name = "Pods-KitmanApp-KitmanAppUITests.debug.xcconfig"; path = "Target Support Files/Pods-KitmanApp-KitmanAppUITests/Pods-KitmanApp-KitmanAppUITests.debug.xcconfig"; sourceTree = "<group>"; };
		38B511F1EDE0C3CFB640B8FF /* Pods-KitmanAppTests.debug.xcconfig */ = {isa = PBXFileReference; includeInIndex = 1; lastKnownFileType = text.xcconfig; name = "Pods-KitmanAppTests.debug.xcconfig"; path = "Target Support Files/Pods-KitmanAppTests/Pods-KitmanAppTests.debug.xcconfig"; sourceTree = "<group>"; };
		3B98BF8DCF464249E927A87B /* Pods-KitmanApp.release.xcconfig */ = {isa = PBXFileReference; includeInIndex = 1; lastKnownFileType = text.xcconfig; name = "Pods-KitmanApp.release.xcconfig"; path = "Target Support Files/Pods-KitmanApp/Pods-KitmanApp.release.xcconfig"; sourceTree = "<group>"; };
		61060053C2E04B7C814C0AA0 /* Pods-KitmanApp.debug.xcconfig */ = {isa = PBXFileReference; includeInIndex = 1; lastKnownFileType = text.xcconfig; name = "Pods-KitmanApp.debug.xcconfig"; path = "Target Support Files/Pods-KitmanApp/Pods-KitmanApp.debug.xcconfig"; sourceTree = "<group>"; };
		734C1B654A1181F9C79F40B3 /* Pods_KitmanApp_KitmanAppUITests.framework */ = {isa = PBXFileReference; explicitFileType = wrapper.framework; includeInIndex = 0; path = Pods_KitmanApp_KitmanAppUITests.framework; sourceTree = BUILT_PRODUCTS_DIR; };
		7451AC28904C69C4102F0836 /* Pods_KitmanAppTests.framework */ = {isa = PBXFileReference; explicitFileType = wrapper.framework; includeInIndex = 0; path = Pods_KitmanAppTests.framework; sourceTree = BUILT_PRODUCTS_DIR; };
		81F7A06D4B745693480E0968 /* Pods-KitmanAppTests.release.xcconfig */ = {isa = PBXFileReference; includeInIndex = 1; lastKnownFileType = text.xcconfig; name = "Pods-KitmanAppTests.release.xcconfig"; path = "Target Support Files/Pods-KitmanAppTests/Pods-KitmanAppTests.release.xcconfig"; sourceTree = "<group>"; };
		9A46C72226EFACF000B07A36 /* Athlete.swift */ = {isa = PBXFileReference; lastKnownFileType = sourcecode.swift; path = Athlete.swift; sourceTree = "<group>"; };
		9A46C72426EFADD000B07A36 /* AthleteViewModel.swift */ = {isa = PBXFileReference; lastKnownFileType = sourcecode.swift; path = AthleteViewModel.swift; sourceTree = "<group>"; };
		9A46C72626EFB28900B07A36 /* AthleteCell.swift */ = {isa = PBXFileReference; lastKnownFileType = sourcecode.swift; path = AthleteCell.swift; sourceTree = "<group>"; };
		9A46C72A26EFCFE900B07A36 /* Squad.swift */ = {isa = PBXFileReference; lastKnownFileType = sourcecode.swift; path = Squad.swift; sourceTree = "<group>"; };
		9A8CAEE126EF757400D00853 /* KitmanApp.app */ = {isa = PBXFileReference; explicitFileType = wrapper.application; includeInIndex = 0; path = KitmanApp.app; sourceTree = BUILT_PRODUCTS_DIR; };
		9A8CAEE426EF757400D00853 /* AppDelegate.swift */ = {isa = PBXFileReference; lastKnownFileType = sourcecode.swift; path = AppDelegate.swift; sourceTree = "<group>"; };
		9A8CAEE626EF757400D00853 /* SceneDelegate.swift */ = {isa = PBXFileReference; lastKnownFileType = sourcecode.swift; path = SceneDelegate.swift; sourceTree = "<group>"; };
		9A8CAEEB26EF757400D00853 /* Base */ = {isa = PBXFileReference; lastKnownFileType = file.storyboard; name = Base; path = Base.lproj/Main.storyboard; sourceTree = "<group>"; };
		9A8CAEED26EF757400D00853 /* Assets.xcassets */ = {isa = PBXFileReference; lastKnownFileType = folder.assetcatalog; path = Assets.xcassets; sourceTree = "<group>"; };
		9A8CAEF026EF757400D00853 /* Base */ = {isa = PBXFileReference; lastKnownFileType = file.storyboard; name = Base; path = Base.lproj/LaunchScreen.storyboard; sourceTree = "<group>"; };
		9A8CAEF226EF757400D00853 /* Info.plist */ = {isa = PBXFileReference; lastKnownFileType = text.plist.xml; path = Info.plist; sourceTree = "<group>"; };
		9A8CAEF726EF757500D00853 /* KitmanAppTests.xctest */ = {isa = PBXFileReference; explicitFileType = wrapper.cfbundle; includeInIndex = 0; path = KitmanAppTests.xctest; sourceTree = BUILT_PRODUCTS_DIR; };
		9A8CAEFB26EF757500D00853 /* KitmanAppTests.swift */ = {isa = PBXFileReference; lastKnownFileType = sourcecode.swift; path = KitmanAppTests.swift; sourceTree = "<group>"; };
		9A8CAEFD26EF757500D00853 /* Info.plist */ = {isa = PBXFileReference; lastKnownFileType = text.plist.xml; path = Info.plist; sourceTree = "<group>"; };
		9A8CAF0226EF757500D00853 /* KitmanAppUITests.xctest */ = {isa = PBXFileReference; explicitFileType = wrapper.cfbundle; includeInIndex = 0; path = KitmanAppUITests.xctest; sourceTree = BUILT_PRODUCTS_DIR; };
		9A8CAF0626EF757500D00853 /* KitmanAppUITests.swift */ = {isa = PBXFileReference; lastKnownFileType = sourcecode.swift; path = KitmanAppUITests.swift; sourceTree = "<group>"; };
		9A8CAF0826EF757500D00853 /* Info.plist */ = {isa = PBXFileReference; lastKnownFileType = text.plist.xml; path = Info.plist; sourceTree = "<group>"; };
		9A8CAF1C26EF762200D00853 /* Welcome.storyboard */ = {isa = PBXFileReference; lastKnownFileType = file.storyboard; path = Welcome.storyboard; sourceTree = "<group>"; };
		9A8CAF1E26EF763F00D00853 /* LoginViewController.swift */ = {isa = PBXFileReference; lastKnownFileType = sourcecode.swift; path = LoginViewController.swift; sourceTree = "<group>"; };
		9A8CAF2126EF775700D00853 /* KButton.swift */ = {isa = PBXFileReference; lastKnownFileType = sourcecode.swift; path = KButton.swift; sourceTree = "<group>"; };
		9A8CAF2326EF781B00D00853 /* KGradientView.swift */ = {isa = PBXFileReference; lastKnownFileType = sourcecode.swift; path = KGradientView.swift; sourceTree = "<group>"; };
		9A8CAF2626EF785400D00853 /* UIColor+Extension.swift */ = {isa = PBXFileReference; lastKnownFileType = sourcecode.swift; path = "UIColor+Extension.swift"; sourceTree = "<group>"; };
		9A8CAF2826EF798A00D00853 /* KTextField.swift */ = {isa = PBXFileReference; lastKnownFileType = sourcecode.swift; path = KTextField.swift; sourceTree = "<group>"; };
		9A8CAF2B26EF80C900D00853 /* LoginViewModel.swift */ = {isa = PBXFileReference; lastKnownFileType = sourcecode.swift; path = LoginViewModel.swift; sourceTree = "<group>"; };
		9A8CAF2F26EF83BF00D00853 /* JsonParser.swift */ = {isa = PBXFileReference; lastKnownFileType = sourcecode.swift; path = JsonParser.swift; sourceTree = "<group>"; };
		9A8CAF3126EF844300D00853 /* NetworkManager.swift */ = {isa = PBXFileReference; lastKnownFileType = sourcecode.swift; path = NetworkManager.swift; sourceTree = "<group>"; };
		9A8CAF3326EF84AD00D00853 /* API.swift */ = {isa = PBXFileReference; lastKnownFileType = sourcecode.swift; path = API.swift; sourceTree = "<group>"; };
		9A8CAF3526EF856D00D00853 /* Login.swift */ = {isa = PBXFileReference; lastKnownFileType = sourcecode.swift; path = Login.swift; sourceTree = "<group>"; };
		9A8CAF3B26EF8B2400D00853 /* AthletesViewController.swift */ = {isa = PBXFileReference; lastKnownFileType = sourcecode.swift; path = AthletesViewController.swift; sourceTree = "<group>"; };
		9A8CAF3F26EF9EA600D00853 /* UIViewController+Extension.swift */ = {isa = PBXFileReference; lastKnownFileType = sourcecode.swift; path = "UIViewController+Extension.swift"; sourceTree = "<group>"; };
		9AD7BE3326EFE75500D07A24 /* README */ = {isa = PBXFileReference; lastKnownFileType = text; path = README; sourceTree = "<group>"; };
		ACDFFDD9EDC2C07D1E1531D0 /* Pods-KitmanApp-KitmanAppUITests.release.xcconfig */ = {isa = PBXFileReference; includeInIndex = 1; lastKnownFileType = text.xcconfig; name = "Pods-KitmanApp-KitmanAppUITests.release.xcconfig"; path = "Target Support Files/Pods-KitmanApp-KitmanAppUITests/Pods-KitmanApp-KitmanAppUITests.release.xcconfig"; sourceTree = "<group>"; };
		B700530BAC20F0C20CF919FC /* Pods_KitmanApp.framework */ = {isa = PBXFileReference; explicitFileType = wrapper.framework; includeInIndex = 0; path = Pods_KitmanApp.framework; sourceTree = BUILT_PRODUCTS_DIR; };
/* End PBXFileReference section */

/* Begin PBXFrameworksBuildPhase section */
		9A8CAEDE26EF757400D00853 /* Frameworks */ = {
			isa = PBXFrameworksBuildPhase;
			buildActionMask = 2147483647;
			files = (
				47B4032B10C13CBCF3C4FBFD /* Pods_KitmanApp.framework in Frameworks */,
			);
			runOnlyForDeploymentPostprocessing = 0;
		};
		9A8CAEF426EF757500D00853 /* Frameworks */ = {
			isa = PBXFrameworksBuildPhase;
			buildActionMask = 2147483647;
			files = (
				3F9B6EC1177C6204380F67C8 /* Pods_KitmanAppTests.framework in Frameworks */,
			);
			runOnlyForDeploymentPostprocessing = 0;
		};
		9A8CAEFF26EF757500D00853 /* Frameworks */ = {
			isa = PBXFrameworksBuildPhase;
			buildActionMask = 2147483647;
			files = (
				712AF91E9455A1FE2ECCE45E /* Pods_KitmanApp_KitmanAppUITests.framework in Frameworks */,
			);
			runOnlyForDeploymentPostprocessing = 0;
		};
/* End PBXFrameworksBuildPhase section */

/* Begin PBXGroup section */
		0A8095EC44A2279BB3301D9B /* Pods */ = {
			isa = PBXGroup;
			children = (
				61060053C2E04B7C814C0AA0 /* Pods-KitmanApp.debug.xcconfig */,
				3B98BF8DCF464249E927A87B /* Pods-KitmanApp.release.xcconfig */,
				0A8358E1E3D192B5BE6651EF /* Pods-KitmanApp-KitmanAppUITests.debug.xcconfig */,
				ACDFFDD9EDC2C07D1E1531D0 /* Pods-KitmanApp-KitmanAppUITests.release.xcconfig */,
				38B511F1EDE0C3CFB640B8FF /* Pods-KitmanAppTests.debug.xcconfig */,
				81F7A06D4B745693480E0968 /* Pods-KitmanAppTests.release.xcconfig */,
			);
			path = Pods;
			sourceTree = "<group>";
		};
		3D81C4F5E20FD07A5DB848D1 /* Frameworks */ = {
			isa = PBXGroup;
			children = (
				B700530BAC20F0C20CF919FC /* Pods_KitmanApp.framework */,
				734C1B654A1181F9C79F40B3 /* Pods_KitmanApp_KitmanAppUITests.framework */,
				7451AC28904C69C4102F0836 /* Pods_KitmanAppTests.framework */,
			);
			name = Frameworks;
			sourceTree = "<group>";
		};
		9A8CAED826EF757400D00853 = {
			isa = PBXGroup;
			children = (
				9A8CAEE326EF757400D00853 /* KitmanApp */,
				9A8CAEFA26EF757500D00853 /* KitmanAppTests */,
				9A8CAF0526EF757500D00853 /* KitmanAppUITests */,
				9A8CAEE226EF757400D00853 /* Products */,
				0A8095EC44A2279BB3301D9B /* Pods */,
				3D81C4F5E20FD07A5DB848D1 /* Frameworks */,
			);
			sourceTree = "<group>";
		};
		9A8CAEE226EF757400D00853 /* Products */ = {
			isa = PBXGroup;
			children = (
				9A8CAEE126EF757400D00853 /* KitmanApp.app */,
				9A8CAEF726EF757500D00853 /* KitmanAppTests.xctest */,
				9A8CAF0226EF757500D00853 /* KitmanAppUITests.xctest */,
			);
			name = Products;
			sourceTree = "<group>";
		};
		9A8CAEE326EF757400D00853 /* KitmanApp */ = {
			isa = PBXGroup;
			children = (
				9AD7BE3326EFE75500D07A24 /* README */,
				9A8CAF1426EF757E00D00853 /* AppDelegate */,
				9A8CAF1526EF758E00D00853 /* Resources */,
				9A8CAF2D26EF839F00D00853 /* Services */,
				9A8CAF2526EF784300D00853 /* Extensions */,
				9A8CAF2026EF773D00D00853 /* Designables */,
				9A8CAF1726EF75D800D00853 /* Welcome */,
				9A8CAF1626EF75BC00D00853 /* Main */,
			);
			path = KitmanApp;
			sourceTree = "<group>";
		};
		9A8CAEFA26EF757500D00853 /* KitmanAppTests */ = {
			isa = PBXGroup;
			children = (
				9A8CAEFB26EF757500D00853 /* KitmanAppTests.swift */,
				9A8CAEFD26EF757500D00853 /* Info.plist */,
			);
			path = KitmanAppTests;
			sourceTree = "<group>";
		};
		9A8CAF0526EF757500D00853 /* KitmanAppUITests */ = {
			isa = PBXGroup;
			children = (
				9A8CAF0626EF757500D00853 /* KitmanAppUITests.swift */,
				9A8CAF0826EF757500D00853 /* Info.plist */,
			);
			path = KitmanAppUITests;
			sourceTree = "<group>";
		};
		9A8CAF1426EF757E00D00853 /* AppDelegate */ = {
			isa = PBXGroup;
			children = (
				9A8CAEE426EF757400D00853 /* AppDelegate.swift */,
				9A8CAEE626EF757400D00853 /* SceneDelegate.swift */,
			);
			path = AppDelegate;
			sourceTree = "<group>";
		};
		9A8CAF1526EF758E00D00853 /* Resources */ = {
			isa = PBXGroup;
			children = (
				9A8CAEEF26EF757400D00853 /* LaunchScreen.storyboard */,
				9A8CAEF226EF757400D00853 /* Info.plist */,
				9A8CAEED26EF757400D00853 /* Assets.xcassets */,
			);
			path = Resources;
			sourceTree = "<group>";
		};
		9A8CAF1626EF75BC00D00853 /* Main */ = {
			isa = PBXGroup;
			children = (
				9A8CAF4126EF9FC400D00853 /* Storyboards */,
				9A8CAF3A26EF8B0300D00853 /* ViewModels */,
				9A8CAF3926EF8AFE00D00853 /* Models */,
				9A8CAF3826EF8AF800D00853 /* Views */,
				9A8CAF3726EF8AF300D00853 /* Controllers */,
			);
			path = Main;
			sourceTree = "<group>";
		};
		9A8CAF1726EF75D800D00853 /* Welcome */ = {
			isa = PBXGroup;
			children = (
				9A8CAF1826EF75F200D00853 /* Storyboards */,
				9A8CAF2A26EF80B200D00853 /* ViewModels */,
				9A8CAF1B26EF760C00D00853 /* Models */,
				9A8CAF1A26EF760600D00853 /* Views */,
				9A8CAF1926EF760000D00853 /* Controllers */,
			);
			path = Welcome;
			sourceTree = "<group>";
		};
		9A8CAF1826EF75F200D00853 /* Storyboards */ = {
			isa = PBXGroup;
			children = (
				9A8CAF1C26EF762200D00853 /* Welcome.storyboard */,
			);
			path = Storyboards;
			sourceTree = "<group>";
		};
		9A8CAF1926EF760000D00853 /* Controllers */ = {
			isa = PBXGroup;
			children = (
				9A8CAF1E26EF763F00D00853 /* LoginViewController.swift */,
			);
			path = Controllers;
			sourceTree = "<group>";
		};
		9A8CAF1A26EF760600D00853 /* Views */ = {
			isa = PBXGroup;
			children = (
			);
			path = Views;
			sourceTree = "<group>";
		};
		9A8CAF1B26EF760C00D00853 /* Models */ = {
			isa = PBXGroup;
			children = (
				9A8CAF3526EF856D00D00853 /* Login.swift */,
			);
			path = Models;
			sourceTree = "<group>";
		};
		9A8CAF2026EF773D00D00853 /* Designables */ = {
			isa = PBXGroup;
			children = (
				9A8CAF2126EF775700D00853 /* KButton.swift */,
				9A8CAF2326EF781B00D00853 /* KGradientView.swift */,
				9A8CAF2826EF798A00D00853 /* KTextField.swift */,
			);
			path = Designables;
			sourceTree = "<group>";
		};
		9A8CAF2526EF784300D00853 /* Extensions */ = {
			isa = PBXGroup;
			children = (
				9A8CAF2626EF785400D00853 /* UIColor+Extension.swift */,
				9A8CAF3F26EF9EA600D00853 /* UIViewController+Extension.swift */,
			);
			path = Extensions;
			sourceTree = "<group>";
		};
		9A8CAF2A26EF80B200D00853 /* ViewModels */ = {
			isa = PBXGroup;
			children = (
				9A8CAF2B26EF80C900D00853 /* LoginViewModel.swift */,
			);
			path = ViewModels;
			sourceTree = "<group>";
		};
		9A8CAF2D26EF839F00D00853 /* Services */ = {
			isa = PBXGroup;
			children = (
				9A8CAF2E26EF83A400D00853 /* Networking */,
			);
			path = Services;
			sourceTree = "<group>";
		};
		9A8CAF2E26EF83A400D00853 /* Networking */ = {
			isa = PBXGroup;
			children = (
				9A8CAF2F26EF83BF00D00853 /* JsonParser.swift */,
				9A8CAF3126EF844300D00853 /* NetworkManager.swift */,
				9A8CAF3326EF84AD00D00853 /* API.swift */,
			);
			path = Networking;
			sourceTree = "<group>";
		};
		9A8CAF3726EF8AF300D00853 /* Controllers */ = {
			isa = PBXGroup;
			children = (
				9A8CAF3B26EF8B2400D00853 /* AthletesViewController.swift */,
			);
			path = Controllers;
			sourceTree = "<group>";
		};
		9A8CAF3826EF8AF800D00853 /* Views */ = {
			isa = PBXGroup;
			children = (
				9A46C72626EFB28900B07A36 /* AthleteCell.swift */,
			);
			path = Views;
			sourceTree = "<group>";
		};
		9A8CAF3926EF8AFE00D00853 /* Models */ = {
			isa = PBXGroup;
			children = (
				9A46C72226EFACF000B07A36 /* Athlete.swift */,
				9A46C72A26EFCFE900B07A36 /* Squad.swift */,
			);
			path = Models;
			sourceTree = "<group>";
		};
		9A8CAF3A26EF8B0300D00853 /* ViewModels */ = {
			isa = PBXGroup;
			children = (
				9A46C72426EFADD000B07A36 /* AthleteViewModel.swift */,
			);
			path = ViewModels;
			sourceTree = "<group>";
		};
		9A8CAF4126EF9FC400D00853 /* Storyboards */ = {
			isa = PBXGroup;
			children = (
				9A8CAEEA26EF757400D00853 /* Main.storyboard */,
			);
			path = Storyboards;
			sourceTree = "<group>";
		};
/* End PBXGroup section */

/* Begin PBXNativeTarget section */
		9A8CAEE026EF757400D00853 /* KitmanApp */ = {
			isa = PBXNativeTarget;
			buildConfigurationList = 9A8CAF0B26EF757500D00853 /* Build configuration list for PBXNativeTarget "KitmanApp" */;
			buildPhases = (
				EA95E7FAEA91387B51B806E1 /* [CP] Check Pods Manifest.lock */,
				9A8CAEDD26EF757400D00853 /* Sources */,
				9A8CAEDE26EF757400D00853 /* Frameworks */,
				9A8CAEDF26EF757400D00853 /* Resources */,
				B0AABD427316A657A3C70DC5 /* [CP] Embed Pods Frameworks */,
			);
			buildRules = (
			);
			dependencies = (
			);
			name = KitmanApp;
			productName = KitmanApp;
			productReference = 9A8CAEE126EF757400D00853 /* KitmanApp.app */;
			productType = "com.apple.product-type.application";
		};
		9A8CAEF626EF757500D00853 /* KitmanAppTests */ = {
			isa = PBXNativeTarget;
			buildConfigurationList = 9A8CAF0E26EF757500D00853 /* Build configuration list for PBXNativeTarget "KitmanAppTests" */;
			buildPhases = (
				5983FC6D5C421C15CFB2B7DF /* [CP] Check Pods Manifest.lock */,
				9A8CAEF326EF757500D00853 /* Sources */,
				9A8CAEF426EF757500D00853 /* Frameworks */,
				9A8CAEF526EF757500D00853 /* Resources */,
			);
			buildRules = (
			);
			dependencies = (
				9A8CAEF926EF757500D00853 /* PBXTargetDependency */,
			);
			name = KitmanAppTests;
			productName = KitmanAppTests;
			productReference = 9A8CAEF726EF757500D00853 /* KitmanAppTests.xctest */;
			productType = "com.apple.product-type.bundle.unit-test";
		};
		9A8CAF0126EF757500D00853 /* KitmanAppUITests */ = {
			isa = PBXNativeTarget;
			buildConfigurationList = 9A8CAF1126EF757500D00853 /* Build configuration list for PBXNativeTarget "KitmanAppUITests" */;
			buildPhases = (
				01EBDE579D50913AA6CD4965 /* [CP] Check Pods Manifest.lock */,
				9A8CAEFE26EF757500D00853 /* Sources */,
				9A8CAEFF26EF757500D00853 /* Frameworks */,
				9A8CAF0026EF757500D00853 /* Resources */,
				F0076E61B7B8F024B093226E /* [CP] Embed Pods Frameworks */,
			);
			buildRules = (
			);
			dependencies = (
				9A8CAF0426EF757500D00853 /* PBXTargetDependency */,
			);
			name = KitmanAppUITests;
			productName = KitmanAppUITests;
			productReference = 9A8CAF0226EF757500D00853 /* KitmanAppUITests.xctest */;
			productType = "com.apple.product-type.bundle.ui-testing";
		};
/* End PBXNativeTarget section */

/* Begin PBXProject section */
		9A8CAED926EF757400D00853 /* Project object */ = {
			isa = PBXProject;
			attributes = {
				LastSwiftUpdateCheck = 1250;
				LastUpgradeCheck = 1250;
				TargetAttributes = {
					9A8CAEE026EF757400D00853 = {
						CreatedOnToolsVersion = 12.5;
					};
					9A8CAEF626EF757500D00853 = {
						CreatedOnToolsVersion = 12.5;
						TestTargetID = 9A8CAEE026EF757400D00853;
					};
					9A8CAF0126EF757500D00853 = {
						CreatedOnToolsVersion = 12.5;
						TestTargetID = 9A8CAEE026EF757400D00853;
					};
				};
			};
			buildConfigurationList = 9A8CAEDC26EF757400D00853 /* Build configuration list for PBXProject "KitmanApp" */;
			compatibilityVersion = "Xcode 9.3";
			developmentRegion = en;
			hasScannedForEncodings = 0;
			knownRegions = (
				en,
				Base,
			);
			mainGroup = 9A8CAED826EF757400D00853;
			productRefGroup = 9A8CAEE226EF757400D00853 /* Products */;
			projectDirPath = "";
			projectRoot = "";
			targets = (
				9A8CAEE026EF757400D00853 /* KitmanApp */,
				9A8CAEF626EF757500D00853 /* KitmanAppTests */,
				9A8CAF0126EF757500D00853 /* KitmanAppUITests */,
			);
		};
/* End PBXProject section */

/* Begin PBXResourcesBuildPhase section */
		9A8CAEDF26EF757400D00853 /* Resources */ = {
			isa = PBXResourcesBuildPhase;
			buildActionMask = 2147483647;
			files = (
				9AD7BE3426EFE75500D07A24 /* README in Resources */,
				9A8CAEF126EF757400D00853 /* LaunchScreen.storyboard in Resources */,
				9A8CAF1D26EF762200D00853 /* Welcome.storyboard in Resources */,
				9A8CAEEE26EF757400D00853 /* Assets.xcassets in Resources */,
				9A8CAEEC26EF757400D00853 /* Main.storyboard in Resources */,
			);
			runOnlyForDeploymentPostprocessing = 0;
		};
		9A8CAEF526EF757500D00853 /* Resources */ = {
			isa = PBXResourcesBuildPhase;
			buildActionMask = 2147483647;
			files = (
			);
			runOnlyForDeploymentPostprocessing = 0;
		};
		9A8CAF0026EF757500D00853 /* Resources */ = {
			isa = PBXResourcesBuildPhase;
			buildActionMask = 2147483647;
			files = (
			);
			runOnlyForDeploymentPostprocessing = 0;
		};
/* End PBXResourcesBuildPhase section */

/* Begin PBXShellScriptBuildPhase section */
		01EBDE579D50913AA6CD4965 /* [CP] Check Pods Manifest.lock */ = {
			isa = PBXShellScriptBuildPhase;
			buildActionMask = 2147483647;
			files = (
			);
			inputFileListPaths = (
			);
			inputPaths = (
				"${PODS_PODFILE_DIR_PATH}/Podfile.lock",
				"${PODS_ROOT}/Manifest.lock",
			);
			name = "[CP] Check Pods Manifest.lock";
			outputFileListPaths = (
			);
			outputPaths = (
				"$(DERIVED_FILE_DIR)/Pods-KitmanApp-KitmanAppUITests-checkManifestLockResult.txt",
			);
			runOnlyForDeploymentPostprocessing = 0;
			shellPath = /bin/sh;
			shellScript = "diff \"${PODS_PODFILE_DIR_PATH}/Podfile.lock\" \"${PODS_ROOT}/Manifest.lock\" > /dev/null\nif [ $? != 0 ] ; then\n    # print error to STDERR\n    echo \"error: The sandbox is not in sync with the Podfile.lock. Run 'pod install' or update your CocoaPods installation.\" >&2\n    exit 1\nfi\n# This output is used by Xcode 'outputs' to avoid re-running this script phase.\necho \"SUCCESS\" > \"${SCRIPT_OUTPUT_FILE_0}\"\n";
			showEnvVarsInLog = 0;
		};
		5983FC6D5C421C15CFB2B7DF /* [CP] Check Pods Manifest.lock */ = {
			isa = PBXShellScriptBuildPhase;
			buildActionMask = 2147483647;
			files = (
			);
			inputFileListPaths = (
			);
			inputPaths = (
				"${PODS_PODFILE_DIR_PATH}/Podfile.lock",
				"${PODS_ROOT}/Manifest.lock",
			);
			name = "[CP] Check Pods Manifest.lock";
			outputFileListPaths = (
			);
			outputPaths = (
				"$(DERIVED_FILE_DIR)/Pods-KitmanAppTests-checkManifestLockResult.txt",
			);
			runOnlyForDeploymentPostprocessing = 0;
			shellPath = /bin/sh;
			shellScript = "diff \"${PODS_PODFILE_DIR_PATH}/Podfile.lock\" \"${PODS_ROOT}/Manifest.lock\" > /dev/null\nif [ $? != 0 ] ; then\n    # print error to STDERR\n    echo \"error: The sandbox is not in sync with the Podfile.lock. Run 'pod install' or update your CocoaPods installation.\" >&2\n    exit 1\nfi\n# This output is used by Xcode 'outputs' to avoid re-running this script phase.\necho \"SUCCESS\" > \"${SCRIPT_OUTPUT_FILE_0}\"\n";
			showEnvVarsInLog = 0;
		};
		B0AABD427316A657A3C70DC5 /* [CP] Embed Pods Frameworks */ = {
			isa = PBXShellScriptBuildPhase;
			buildActionMask = 2147483647;
			files = (
			);
			inputFileListPaths = (
				"${PODS_ROOT}/Target Support Files/Pods-KitmanApp/Pods-KitmanApp-frameworks-${CONFIGURATION}-input-files.xcfilelist",
			);
			name = "[CP] Embed Pods Frameworks";
			outputFileListPaths = (
				"${PODS_ROOT}/Target Support Files/Pods-KitmanApp/Pods-KitmanApp-frameworks-${CONFIGURATION}-output-files.xcfilelist",
			);
			runOnlyForDeploymentPostprocessing = 0;
			shellPath = /bin/sh;
			shellScript = "\"${PODS_ROOT}/Target Support Files/Pods-KitmanApp/Pods-KitmanApp-frameworks.sh\"\n";
			showEnvVarsInLog = 0;
		};
		EA95E7FAEA91387B51B806E1 /* [CP] Check Pods Manifest.lock */ = {
			isa = PBXShellScriptBuildPhase;
			buildActionMask = 2147483647;
			files = (
			);
			inputFileListPaths = (
			);
			inputPaths = (
				"${PODS_PODFILE_DIR_PATH}/Podfile.lock",
				"${PODS_ROOT}/Manifest.lock",
			);
			name = "[CP] Check Pods Manifest.lock";
			outputFileListPaths = (
			);
			outputPaths = (
				"$(DERIVED_FILE_DIR)/Pods-KitmanApp-checkManifestLockResult.txt",
			);
			runOnlyForDeploymentPostprocessing = 0;
			shellPath = /bin/sh;
			shellScript = "diff \"${PODS_PODFILE_DIR_PATH}/Podfile.lock\" \"${PODS_ROOT}/Manifest.lock\" > /dev/null\nif [ $? != 0 ] ; then\n    # print error to STDERR\n    echo \"error: The sandbox is not in sync with the Podfile.lock. Run 'pod install' or update your CocoaPods installation.\" >&2\n    exit 1\nfi\n# This output is used by Xcode 'outputs' to avoid re-running this script phase.\necho \"SUCCESS\" > \"${SCRIPT_OUTPUT_FILE_0}\"\n";
			showEnvVarsInLog = 0;
		};
		F0076E61B7B8F024B093226E /* [CP] Embed Pods Frameworks */ = {
			isa = PBXShellScriptBuildPhase;
			buildActionMask = 2147483647;
			files = (
			);
			inputFileListPaths = (
				"${PODS_ROOT}/Target Support Files/Pods-KitmanApp-KitmanAppUITests/Pods-KitmanApp-KitmanAppUITests-frameworks-${CONFIGURATION}-input-files.xcfilelist",
			);
			name = "[CP] Embed Pods Frameworks";
			outputFileListPaths = (
				"${PODS_ROOT}/Target Support Files/Pods-KitmanApp-KitmanAppUITests/Pods-KitmanApp-KitmanAppUITests-frameworks-${CONFIGURATION}-output-files.xcfilelist",
			);
			runOnlyForDeploymentPostprocessing = 0;
			shellPath = /bin/sh;
			shellScript = "\"${PODS_ROOT}/Target Support Files/Pods-KitmanApp-KitmanAppUITests/Pods-KitmanApp-KitmanAppUITests-frameworks.sh\"\n";
			showEnvVarsInLog = 0;
		};
/* End PBXShellScriptBuildPhase section */

/* Begin PBXSourcesBuildPhase section */
		9A8CAEDD26EF757400D00853 /* Sources */ = {
			isa = PBXSourcesBuildPhase;
			buildActionMask = 2147483647;
			files = (
				9A8CAF2726EF785400D00853 /* UIColor+Extension.swift in Sources */,
				9A8CAF2426EF781B00D00853 /* KGradientView.swift in Sources */,
				9A8CAF3626EF856D00D00853 /* Login.swift in Sources */,
				9A8CAF1F26EF763F00D00853 /* LoginViewController.swift in Sources */,
				9A46C72526EFADD000B07A36 /* AthleteViewModel.swift in Sources */,
				9A46C72B26EFCFE900B07A36 /* Squad.swift in Sources */,
				9A8CAF4026EF9EA600D00853 /* UIViewController+Extension.swift in Sources */,
				9A46C72726EFB28900B07A36 /* AthleteCell.swift in Sources */,
				9A8CAF3226EF844300D00853 /* NetworkManager.swift in Sources */,
				9A8CAF3026EF83BF00D00853 /* JsonParser.swift in Sources */,
				9A8CAEE526EF757400D00853 /* AppDelegate.swift in Sources */,
				9A8CAEE726EF757400D00853 /* SceneDelegate.swift in Sources */,
				9A8CAF3C26EF8B2400D00853 /* AthletesViewController.swift in Sources */,
				9A8CAF2226EF775800D00853 /* KButton.swift in Sources */,
				9A8CAF2926EF798A00D00853 /* KTextField.swift in Sources */,
				9A8CAF3426EF84AD00D00853 /* API.swift in Sources */,
				9A46C72326EFACF000B07A36 /* Athlete.swift in Sources */,
				9A8CAF2C26EF80C900D00853 /* LoginViewModel.swift in Sources */,
			);
			runOnlyForDeploymentPostprocessing = 0;
		};
		9A8CAEF326EF757500D00853 /* Sources */ = {
			isa = PBXSourcesBuildPhase;
			buildActionMask = 2147483647;
			files = (
				9A8CAEFC26EF757500D00853 /* KitmanAppTests.swift in Sources */,
			);
			runOnlyForDeploymentPostprocessing = 0;
		};
		9A8CAEFE26EF757500D00853 /* Sources */ = {
			isa = PBXSourcesBuildPhase;
			buildActionMask = 2147483647;
			files = (
				9A8CAF0726EF757500D00853 /* KitmanAppUITests.swift in Sources */,
			);
			runOnlyForDeploymentPostprocessing = 0;
		};
/* End PBXSourcesBuildPhase section */

/* Begin PBXTargetDependency section */
		9A8CAEF926EF757500D00853 /* PBXTargetDependency */ = {
			isa = PBXTargetDependency;
			target = 9A8CAEE026EF757400D00853 /* KitmanApp */;
			targetProxy = 9A8CAEF826EF757500D00853 /* PBXContainerItemProxy */;
		};
		9A8CAF0426EF757500D00853 /* PBXTargetDependency */ = {
			isa = PBXTargetDependency;
			target = 9A8CAEE026EF757400D00853 /* KitmanApp */;
			targetProxy = 9A8CAF0326EF757500D00853 /* PBXContainerItemProxy */;
		};
/* End PBXTargetDependency section */

/* Begin PBXVariantGroup section */
		9A8CAEEA26EF757400D00853 /* Main.storyboard */ = {
			isa = PBXVariantGroup;
			children = (
				9A8CAEEB26EF757400D00853 /* Base */,
			);
			name = Main.storyboard;
			sourceTree = "<group>";
		};
		9A8CAEEF26EF757400D00853 /* LaunchScreen.storyboard */ = {
			isa = PBXVariantGroup;
			children = (
				9A8CAEF026EF757400D00853 /* Base */,
			);
			name = LaunchScreen.storyboard;
			sourceTree = "<group>";
		};
/* End PBXVariantGroup section */

/* Begin XCBuildConfiguration section */
		9A8CAF0926EF757500D00853 /* Debug */ = {
			isa = XCBuildConfiguration;
			buildSettings = {
				ALWAYS_SEARCH_USER_PATHS = NO;
				CLANG_ANALYZER_NONNULL = YES;
				CLANG_ANALYZER_NUMBER_OBJECT_CONVERSION = YES_AGGRESSIVE;
				CLANG_CXX_LANGUAGE_STANDARD = "gnu++14";
				CLANG_CXX_LIBRARY = "libc++";
				CLANG_ENABLE_MODULES = YES;
				CLANG_ENABLE_OBJC_ARC = YES;
				CLANG_ENABLE_OBJC_WEAK = YES;
				CLANG_WARN_BLOCK_CAPTURE_AUTORELEASING = YES;
				CLANG_WARN_BOOL_CONVERSION = YES;
				CLANG_WARN_COMMA = YES;
				CLANG_WARN_CONSTANT_CONVERSION = YES;
				CLANG_WARN_DEPRECATED_OBJC_IMPLEMENTATIONS = YES;
				CLANG_WARN_DIRECT_OBJC_ISA_USAGE = YES_ERROR;
				CLANG_WARN_DOCUMENTATION_COMMENTS = YES;
				CLANG_WARN_EMPTY_BODY = YES;
				CLANG_WARN_ENUM_CONVERSION = YES;
				CLANG_WARN_INFINITE_RECURSION = YES;
				CLANG_WARN_INT_CONVERSION = YES;
				CLANG_WARN_NON_LITERAL_NULL_CONVERSION = YES;
				CLANG_WARN_OBJC_IMPLICIT_RETAIN_SELF = YES;
				CLANG_WARN_OBJC_LITERAL_CONVERSION = YES;
				CLANG_WARN_OBJC_ROOT_CLASS = YES_ERROR;
				CLANG_WARN_QUOTED_INCLUDE_IN_FRAMEWORK_HEADER = YES;
				CLANG_WARN_RANGE_LOOP_ANALYSIS = YES;
				CLANG_WARN_STRICT_PROTOTYPES = YES;
				CLANG_WARN_SUSPICIOUS_MOVE = YES;
				CLANG_WARN_UNGUARDED_AVAILABILITY = YES_AGGRESSIVE;
				CLANG_WARN_UNREACHABLE_CODE = YES;
				CLANG_WARN__DUPLICATE_METHOD_MATCH = YES;
				COPY_PHASE_STRIP = NO;
				DEBUG_INFORMATION_FORMAT = dwarf;
				ENABLE_STRICT_OBJC_MSGSEND = YES;
				ENABLE_TESTABILITY = YES;
				GCC_C_LANGUAGE_STANDARD = gnu11;
				GCC_DYNAMIC_NO_PIC = NO;
				GCC_NO_COMMON_BLOCKS = YES;
				GCC_OPTIMIZATION_LEVEL = 0;
				GCC_PREPROCESSOR_DEFINITIONS = (
					"DEBUG=1",
					"$(inherited)",
				);
				GCC_WARN_64_TO_32_BIT_CONVERSION = YES;
				GCC_WARN_ABOUT_RETURN_TYPE = YES_ERROR;
				GCC_WARN_UNDECLARED_SELECTOR = YES;
				GCC_WARN_UNINITIALIZED_AUTOS = YES_AGGRESSIVE;
				GCC_WARN_UNUSED_FUNCTION = YES;
				GCC_WARN_UNUSED_VARIABLE = YES;
				IPHONEOS_DEPLOYMENT_TARGET = 14.5;
				MTL_ENABLE_DEBUG_INFO = INCLUDE_SOURCE;
				MTL_FAST_MATH = YES;
				ONLY_ACTIVE_ARCH = YES;
				SDKROOT = iphoneos;
				SWIFT_ACTIVE_COMPILATION_CONDITIONS = DEBUG;
				SWIFT_OPTIMIZATION_LEVEL = "-Onone";
			};
			name = Debug;
		};
		9A8CAF0A26EF757500D00853 /* Release */ = {
			isa = XCBuildConfiguration;
			buildSettings = {
				ALWAYS_SEARCH_USER_PATHS = NO;
				CLANG_ANALYZER_NONNULL = YES;
				CLANG_ANALYZER_NUMBER_OBJECT_CONVERSION = YES_AGGRESSIVE;
				CLANG_CXX_LANGUAGE_STANDARD = "gnu++14";
				CLANG_CXX_LIBRARY = "libc++";
				CLANG_ENABLE_MODULES = YES;
				CLANG_ENABLE_OBJC_ARC = YES;
				CLANG_ENABLE_OBJC_WEAK = YES;
				CLANG_WARN_BLOCK_CAPTURE_AUTORELEASING = YES;
				CLANG_WARN_BOOL_CONVERSION = YES;
				CLANG_WARN_COMMA = YES;
				CLANG_WARN_CONSTANT_CONVERSION = YES;
				CLANG_WARN_DEPRECATED_OBJC_IMPLEMENTATIONS = YES;
				CLANG_WARN_DIRECT_OBJC_ISA_USAGE = YES_ERROR;
				CLANG_WARN_DOCUMENTATION_COMMENTS = YES;
				CLANG_WARN_EMPTY_BODY = YES;
				CLANG_WARN_ENUM_CONVERSION = YES;
				CLANG_WARN_INFINITE_RECURSION = YES;
				CLANG_WARN_INT_CONVERSION = YES;
				CLANG_WARN_NON_LITERAL_NULL_CONVERSION = YES;
				CLANG_WARN_OBJC_IMPLICIT_RETAIN_SELF = YES;
				CLANG_WARN_OBJC_LITERAL_CONVERSION = YES;
				CLANG_WARN_OBJC_ROOT_CLASS = YES_ERROR;
				CLANG_WARN_QUOTED_INCLUDE_IN_FRAMEWORK_HEADER = YES;
				CLANG_WARN_RANGE_LOOP_ANALYSIS = YES;
				CLANG_WARN_STRICT_PROTOTYPES = YES;
				CLANG_WARN_SUSPICIOUS_MOVE = YES;
				CLANG_WARN_UNGUARDED_AVAILABILITY = YES_AGGRESSIVE;
				CLANG_WARN_UNREACHABLE_CODE = YES;
				CLANG_WARN__DUPLICATE_METHOD_MATCH = YES;
				COPY_PHASE_STRIP = NO;
				DEBUG_INFORMATION_FORMAT = "dwarf-with-dsym";
				ENABLE_NS_ASSERTIONS = NO;
				ENABLE_STRICT_OBJC_MSGSEND = YES;
				GCC_C_LANGUAGE_STANDARD = gnu11;
				GCC_NO_COMMON_BLOCKS = YES;
				GCC_WARN_64_TO_32_BIT_CONVERSION = YES;
				GCC_WARN_ABOUT_RETURN_TYPE = YES_ERROR;
				GCC_WARN_UNDECLARED_SELECTOR = YES;
				GCC_WARN_UNINITIALIZED_AUTOS = YES_AGGRESSIVE;
				GCC_WARN_UNUSED_FUNCTION = YES;
				GCC_WARN_UNUSED_VARIABLE = YES;
				IPHONEOS_DEPLOYMENT_TARGET = 14.5;
				MTL_ENABLE_DEBUG_INFO = NO;
				MTL_FAST_MATH = YES;
				SDKROOT = iphoneos;
				SWIFT_COMPILATION_MODE = wholemodule;
				SWIFT_OPTIMIZATION_LEVEL = "-O";
				VALIDATE_PRODUCT = YES;
			};
			name = Release;
		};
		9A8CAF0C26EF757500D00853 /* Debug */ = {
			isa = XCBuildConfiguration;
			baseConfigurationReference = 61060053C2E04B7C814C0AA0 /* Pods-KitmanApp.debug.xcconfig */;
			buildSettings = {
				ASSETCATALOG_COMPILER_APPICON_NAME = AppIcon;
				ASSETCATALOG_COMPILER_GLOBAL_ACCENT_COLOR_NAME = AccentColor;
				CODE_SIGN_STYLE = Automatic;
				DEVELOPMENT_TEAM = 2K6N9E42FC;
				INFOPLIST_FILE = KitmanApp/Resources/Info.plist;
				LD_RUNPATH_SEARCH_PATHS = (
					"$(inherited)",
					"@executable_path/Frameworks",
				);
				PRODUCT_BUNDLE_IDENTIFIER = dantas.KitmanApp;
				PRODUCT_NAME = "$(TARGET_NAME)";
				SWIFT_VERSION = 5.0;
				TARGETED_DEVICE_FAMILY = "1,2";
			};
			name = Debug;
		};
		9A8CAF0D26EF757500D00853 /* Release */ = {
			isa = XCBuildConfiguration;
			baseConfigurationReference = 3B98BF8DCF464249E927A87B /* Pods-KitmanApp.release.xcconfig */;
			buildSettings = {
				ASSETCATALOG_COMPILER_APPICON_NAME = AppIcon;
				ASSETCATALOG_COMPILER_GLOBAL_ACCENT_COLOR_NAME = AccentColor;
				CODE_SIGN_STYLE = Automatic;
				DEVELOPMENT_TEAM = 2K6N9E42FC;
				INFOPLIST_FILE = KitmanApp/Resources/Info.plist;
				LD_RUNPATH_SEARCH_PATHS = (
					"$(inherited)",
					"@executable_path/Frameworks",
				);
				PRODUCT_BUNDLE_IDENTIFIER = dantas.KitmanApp;
				PRODUCT_NAME = "$(TARGET_NAME)";
				SWIFT_VERSION = 5.0;
				TARGETED_DEVICE_FAMILY = "1,2";
			};
			name = Release;
		};
		9A8CAF0F26EF757500D00853 /* Debug */ = {
			isa = XCBuildConfiguration;
			baseConfigurationReference = 38B511F1EDE0C3CFB640B8FF /* Pods-KitmanAppTests.debug.xcconfig */;
			buildSettings = {
				ALWAYS_EMBED_SWIFT_STANDARD_LIBRARIES = YES;
				BUNDLE_LOADER = "$(TEST_HOST)";
				CODE_SIGN_STYLE = Automatic;
				DEVELOPMENT_TEAM = 2K6N9E42FC;
				INFOPLIST_FILE = KitmanAppTests/Info.plist;
				IPHONEOS_DEPLOYMENT_TARGET = 14.5;
				LD_RUNPATH_SEARCH_PATHS = (
					"$(inherited)",
					"@executable_path/Frameworks",
					"@loader_path/Frameworks",
				);
				PRODUCT_BUNDLE_IDENTIFIER = dantas.KitmanAppTests;
				PRODUCT_NAME = "$(TARGET_NAME)";
				SWIFT_VERSION = 5.0;
				TARGETED_DEVICE_FAMILY = "1,2";
				TEST_HOST = "$(BUILT_PRODUCTS_DIR)/KitmanApp.app/KitmanApp";
			};
			name = Debug;
		};
		9A8CAF1026EF757500D00853 /* Release */ = {
			isa = XCBuildConfiguration;
			baseConfigurationReference = 81F7A06D4B745693480E0968 /* Pods-KitmanAppTests.release.xcconfig */;
			buildSettings = {
				ALWAYS_EMBED_SWIFT_STANDARD_LIBRARIES = YES;
				BUNDLE_LOADER = "$(TEST_HOST)";
				CODE_SIGN_STYLE = Automatic;
				DEVELOPMENT_TEAM = 2K6N9E42FC;
				INFOPLIST_FILE = KitmanAppTests/Info.plist;
				IPHONEOS_DEPLOYMENT_TARGET = 14.5;
				LD_RUNPATH_SEARCH_PATHS = (
					"$(inherited)",
					"@executable_path/Frameworks",
					"@loader_path/Frameworks",
				);
				PRODUCT_BUNDLE_IDENTIFIER = dantas.KitmanAppTests;
				PRODUCT_NAME = "$(TARGET_NAME)";
				SWIFT_VERSION = 5.0;
				TARGETED_DEVICE_FAMILY = "1,2";
				TEST_HOST = "$(BUILT_PRODUCTS_DIR)/KitmanApp.app/KitmanApp";
			};
			name = Release;
		};
		9A8CAF1226EF757500D00853 /* Debug */ = {
			isa = XCBuildConfiguration;
			baseConfigurationReference = 0A8358E1E3D192B5BE6651EF /* Pods-KitmanApp-KitmanAppUITests.debug.xcconfig */;
			buildSettings = {
				ALWAYS_EMBED_SWIFT_STANDARD_LIBRARIES = YES;
				CODE_SIGN_STYLE = Automatic;
				DEVELOPMENT_TEAM = 2K6N9E42FC;
				INFOPLIST_FILE = KitmanAppUITests/Info.plist;
				LD_RUNPATH_SEARCH_PATHS = (
					"$(inherited)",
					"@executable_path/Frameworks",
					"@loader_path/Frameworks",
				);
				PRODUCT_BUNDLE_IDENTIFIER = dantas.KitmanAppUITests;
				PRODUCT_NAME = "$(TARGET_NAME)";
				SWIFT_VERSION = 5.0;
				TARGETED_DEVICE_FAMILY = "1,2";
				TEST_TARGET_NAME = KitmanApp;
			};
			name = Debug;
		};
		9A8CAF1326EF757500D00853 /* Release */ = {
			isa = XCBuildConfiguration;
			baseConfigurationReference = ACDFFDD9EDC2C07D1E1531D0 /* Pods-KitmanApp-KitmanAppUITests.release.xcconfig */;
			buildSettings = {
				ALWAYS_EMBED_SWIFT_STANDARD_LIBRARIES = YES;
				CODE_SIGN_STYLE = Automatic;
				DEVELOPMENT_TEAM = 2K6N9E42FC;
				INFOPLIST_FILE = KitmanAppUITests/Info.plist;
				LD_RUNPATH_SEARCH_PATHS = (
					"$(inherited)",
					"@executable_path/Frameworks",
					"@loader_path/Frameworks",
				);
				PRODUCT_BUNDLE_IDENTIFIER = dantas.KitmanAppUITests;
				PRODUCT_NAME = "$(TARGET_NAME)";
				SWIFT_VERSION = 5.0;
				TARGETED_DEVICE_FAMILY = "1,2";
				TEST_TARGET_NAME = KitmanApp;
			};
			name = Release;
		};
/* End XCBuildConfiguration section */

/* Begin XCConfigurationList section */
		9A8CAEDC26EF757400D00853 /* Build configuration list for PBXProject "KitmanApp" */ = {
			isa = XCConfigurationList;
			buildConfigurations = (
				9A8CAF0926EF757500D00853 /* Debug */,
				9A8CAF0A26EF757500D00853 /* Release */,
			);
			defaultConfigurationIsVisible = 0;
			defaultConfigurationName = Release;
		};
		9A8CAF0B26EF757500D00853 /* Build configuration list for PBXNativeTarget "KitmanApp" */ = {
			isa = XCConfigurationList;
			buildConfigurations = (
				9A8CAF0C26EF757500D00853 /* Debug */,
				9A8CAF0D26EF757500D00853 /* Release */,
			);
			defaultConfigurationIsVisible = 0;
			defaultConfigurationName = Release;
		};
		9A8CAF0E26EF757500D00853 /* Build configuration list for PBXNativeTarget "KitmanAppTests" */ = {
			isa = XCConfigurationList;
			buildConfigurations = (
				9A8CAF0F26EF757500D00853 /* Debug */,
				9A8CAF1026EF757500D00853 /* Release */,
			);
			defaultConfigurationIsVisible = 0;
			defaultConfigurationName = Release;
		};
		9A8CAF1126EF757500D00853 /* Build configuration list for PBXNativeTarget "KitmanAppUITests" */ = {
			isa = XCConfigurationList;
			buildConfigurations = (
				9A8CAF1226EF757500D00853 /* Debug */,
				9A8CAF1326EF757500D00853 /* Release */,
			);
			defaultConfigurationIsVisible = 0;
			defaultConfigurationName = Release;
		};
/* End XCConfigurationList section */
	};
	rootObject = 9A8CAED926EF757400D00853 /* Project object */;
}
